{
  "name": "astro-lib",
  "version": "1.0.0",
  "lockfileVersion": 3,
  "requires": true,
  "packages": {
    "": {
      "name": "astro-lib",
      "version": "1.0.0",
      "license": "MIT",
      "dependencies": {
        "ephemeris": "^2.2.0"
      }
    },
    "node_modules/ephemeris": {
      "version": "2.2.0",
      "resolved": "https://registry.npmjs.org/ephemeris/-/ephemeris-2.2.0.tgz",
      "integrity": "sha512-D5jEPCYYVxJlZJ4C81w56rvo7Qw/nVs8/mZc4lYOLaRtNtW2aEnIB0N/5mCajUa5X23MKwSGb++TPLUwkS/bmg==",
      "license": "GPL-3.0"
    }
  }
}
